
Microsoft Visual Studio Solution File, Format Version 11.00
# Visual Studio 2010
Project("{FAE04EC0-301F-11D3-BF4B-00C04F79EFBC}") = "TerrariaAPI", "TerrariaAPI\TerrariaAPI.csproj", "{6D26750B-AAAA-48E8-9457-917F9F6F8D94}"
EndProject
Project("{FAE04EC0-301F-11D3-BF4B-00C04F79EFBC}") = "TexturePlugin", "TexturePlugin\TexturePlugin.csproj", "{E51EDBDC-B8D0-4D5B-B7F1-62BC0B44D170}"
EndProject
Project("{FAE04EC0-301F-11D3-BF4B-00C04F79EFBC}") = "TrainerPlugin", "TrainerPlugin\TrainerPlugin.csproj", "{18349425-0A3A-4D5D-BF11-38DF09818332}"
EndProject
Project("{FAE04EC0-301F-11D3-BF4B-00C04F79EFBC}") = "MinimapPlugin", "MinimapPlugin\MinimapPlugin.csproj", "{CF4C6FC7-078E-40BA-8939-011C079E5F8C}"
EndProject
Project("{FAE04EC0-301F-11D3-BF4B-00C04F79EFBC}") = "ResolutionPlugin", "ResolutionPlugin\ResolutionPlugin.csproj", "{7B080F28-5162-4628-9D9E-E0CD1650516F}"
EndProject
Project("{2150E333-8FDC-42A3-9474-1A3956D46DE8}") = "Plugins", "Plugins", "{F96AC17B-D909-43C9-80AD-8267BDFFEB0E}"
EndProject
Project("{FAE04EC0-301F-11D3-BF4B-00C04F79EFBC}") = "TeleportPlugin", "TeleportPlugin\TeleportPlugin.csproj", "{AB0D33F2-8A78-4D20-9BB3-C231392093F0}"
EndProject
Project("{FAE04EC0-301F-11D3-BF4B-00C04F79EFBC}") = "TempPlugin", "TempPlugin\TempPlugin.csproj", "{C37B846D-6B4E-4819-8C2F-A39DBEB3FCC7}"
EndProject
Project("{FAE04EC0-301F-11D3-BF4B-00C04F79EFBC}") = "TerrariaPatcher", "TerrariaPatcher\TerrariaPatcher.csproj", "{1A70473B-D3E9-48FE-B7B3-953E6112B993}"
EndProject
Project("{FAE04EC0-301F-11D3-BF4B-00C04F79EFBC}") = "ItemPlugin", "ItemPlugin\ItemPlugin.csproj", "{69D8CFAE-B25E-4DBA-B9CA-8A699DA1DBE2}"
EndProject
Project("{FAE04EC0-301F-11D3-BF4B-00C04F79EFBC}") = "ScreenShotPlugin", "ScreenShotPlugin\ScreenShotPlugin.csproj", "{9A249AF8-A605-402D-8962-51280F9340BE}"
EndProject
Project("{FAE04EC0-301F-11D3-BF4B-00C04F79EFBC}") = "XNAHelpers", "XNAHelpers\XNAHelpers.csproj", "{BE066E72-276F-45AC-A755-FD6911F0F1A5}"
EndProject
Global
	GlobalSection(SolutionConfigurationPlatforms) = preSolution
		Debug|Any CPU = Debug|Any CPU
		Debug|Mixed Platforms = Debug|Mixed Platforms
		Debug|x86 = Debug|x86
		DebugServer|Any CPU = DebugServer|Any CPU
		DebugServer|Mixed Platforms = DebugServer|Mixed Platforms
		DebugServer|x86 = DebugServer|x86
		Release|Any CPU = Release|Any CPU
		Release|Mixed Platforms = Release|Mixed Platforms
		Release|x86 = Release|x86
		ReleaseServer|Any CPU = ReleaseServer|Any CPU
		ReleaseServer|Mixed Platforms = ReleaseServer|Mixed Platforms
		ReleaseServer|x86 = ReleaseServer|x86
	EndGlobalSection
	GlobalSection(ProjectConfigurationPlatforms) = postSolution
		{6D26750B-AAAA-48E8-9457-917F9F6F8D94}.Debug|Any CPU.ActiveCfg = Debug|Any CPU
		{6D26750B-AAAA-48E8-9457-917F9F6F8D94}.Debug|Any CPU.Build.0 = Debug|Any CPU
		{6D26750B-AAAA-48E8-9457-917F9F6F8D94}.Debug|Mixed Platforms.ActiveCfg = Debug|Any CPU
		{6D26750B-AAAA-48E8-9457-917F9F6F8D94}.Debug|Mixed Platforms.Build.0 = Debug|Any CPU
		{6D26750B-AAAA-48E8-9457-917F9F6F8D94}.Debug|x86.ActiveCfg = Debug|Any CPU
		{6D26750B-AAAA-48E8-9457-917F9F6F8D94}.DebugServer|Any CPU.ActiveCfg = DebugServer|Any CPU
		{6D26750B-AAAA-48E8-9457-917F9F6F8D94}.DebugServer|Any CPU.Build.0 = DebugServer|Any CPU
		{6D26750B-AAAA-48E8-9457-917F9F6F8D94}.DebugServer|Mixed Platforms.ActiveCfg = DebugServer|Any CPU
		{6D26750B-AAAA-48E8-9457-917F9F6F8D94}.DebugServer|Mixed Platforms.Build.0 = DebugServer|Any CPU
		{6D26750B-AAAA-48E8-9457-917F9F6F8D94}.DebugServer|x86.ActiveCfg = DebugServer|Any CPU
		{6D26750B-AAAA-48E8-9457-917F9F6F8D94}.Release|Any CPU.ActiveCfg = Release|Any CPU
		{6D26750B-AAAA-48E8-9457-917F9F6F8D94}.Release|Any CPU.Build.0 = Release|Any CPU
		{6D26750B-AAAA-48E8-9457-917F9F6F8D94}.Release|Mixed Platforms.ActiveCfg = Release|Any CPU
		{6D26750B-AAAA-48E8-9457-917F9F6F8D94}.Release|Mixed Platforms.Build.0 = Release|Any CPU
		{6D26750B-AAAA-48E8-9457-917F9F6F8D94}.Release|x86.ActiveCfg = Release|Any CPU
		{6D26750B-AAAA-48E8-9457-917F9F6F8D94}.ReleaseServer|Any CPU.ActiveCfg = ReleaseServer|Any CPU
		{6D26750B-AAAA-48E8-9457-917F9F6F8D94}.ReleaseServer|Any CPU.Build.0 = ReleaseServer|Any CPU
		{6D26750B-AAAA-48E8-9457-917F9F6F8D94}.ReleaseServer|Mixed Platforms.ActiveCfg = ReleaseServer|Any CPU
		{6D26750B-AAAA-48E8-9457-917F9F6F8D94}.ReleaseServer|Mixed Platforms.Build.0 = ReleaseServer|Any CPU
		{6D26750B-AAAA-48E8-9457-917F9F6F8D94}.ReleaseServer|x86.ActiveCfg = ReleaseServer|Any CPU
		{E51EDBDC-B8D0-4D5B-B7F1-62BC0B44D170}.Debug|Any CPU.ActiveCfg = Debug|Any CPU
		{E51EDBDC-B8D0-4D5B-B7F1-62BC0B44D170}.Debug|Any CPU.Build.0 = Debug|Any CPU
		{E51EDBDC-B8D0-4D5B-B7F1-62BC0B44D170}.Debug|Mixed Platforms.ActiveCfg = Debug|Any CPU
		{E51EDBDC-B8D0-4D5B-B7F1-62BC0B44D170}.Debug|Mixed Platforms.Build.0 = Debug|Any CPU
		{E51EDBDC-B8D0-4D5B-B7F1-62BC0B44D170}.Debug|x86.ActiveCfg = Debug|Any CPU
		{E51EDBDC-B8D0-4D5B-B7F1-62BC0B44D170}.DebugServer|Any CPU.ActiveCfg = DebugServer|Any CPU
		{E51EDBDC-B8D0-4D5B-B7F1-62BC0B44D170}.DebugServer|Any CPU.Build.0 = DebugServer|Any CPU
		{E51EDBDC-B8D0-4D5B-B7F1-62BC0B44D170}.DebugServer|Mixed Platforms.ActiveCfg = DebugServer|Any CPU
		{E51EDBDC-B8D0-4D5B-B7F1-62BC0B44D170}.DebugServer|Mixed Platforms.Build.0 = DebugServer|Any CPU
		{E51EDBDC-B8D0-4D5B-B7F1-62BC0B44D170}.DebugServer|x86.ActiveCfg = DebugServer|Any CPU
		{E51EDBDC-B8D0-4D5B-B7F1-62BC0B44D170}.Release|Any CPU.ActiveCfg = Release|Any CPU
		{E51EDBDC-B8D0-4D5B-B7F1-62BC0B44D170}.Release|Any CPU.Build.0 = Release|Any CPU
		{E51EDBDC-B8D0-4D5B-B7F1-62BC0B44D170}.Release|Mixed Platforms.ActiveCfg = Release|Any CPU
		{E51EDBDC-B8D0-4D5B-B7F1-62BC0B44D170}.Release|Mixed Platforms.Build.0 = Release|Any CPU
		{E51EDBDC-B8D0-4D5B-B7F1-62BC0B44D170}.Release|x86.ActiveCfg = Release|Any CPU
		{E51EDBDC-B8D0-4D5B-B7F1-62BC0B44D170}.ReleaseServer|Any CPU.ActiveCfg = ReleaseServer|Any CPU
		{E51EDBDC-B8D0-4D5B-B7F1-62BC0B44D170}.ReleaseServer|Any CPU.Build.0 = ReleaseServer|Any CPU
		{E51EDBDC-B8D0-4D5B-B7F1-62BC0B44D170}.ReleaseServer|Mixed Platforms.ActiveCfg = ReleaseServer|Any CPU
		{E51EDBDC-B8D0-4D5B-B7F1-62BC0B44D170}.ReleaseServer|Mixed Platforms.Build.0 = ReleaseServer|Any CPU
		{E51EDBDC-B8D0-4D5B-B7F1-62BC0B44D170}.ReleaseServer|x86.ActiveCfg = ReleaseServer|Any CPU
		{18349425-0A3A-4D5D-BF11-38DF09818332}.Debug|Any CPU.ActiveCfg = Debug|Any CPU
		{18349425-0A3A-4D5D-BF11-38DF09818332}.Debug|Any CPU.Build.0 = Debug|Any CPU
		{18349425-0A3A-4D5D-BF11-38DF09818332}.Debug|Mixed Platforms.ActiveCfg = Debug|Any CPU
		{18349425-0A3A-4D5D-BF11-38DF09818332}.Debug|Mixed Platforms.Build.0 = Debug|Any CPU
		{18349425-0A3A-4D5D-BF11-38DF09818332}.Debug|x86.ActiveCfg = Debug|Any CPU
		{18349425-0A3A-4D5D-BF11-38DF09818332}.DebugServer|Any CPU.ActiveCfg = DebugServer|Any CPU
		{18349425-0A3A-4D5D-BF11-38DF09818332}.DebugServer|Any CPU.Build.0 = DebugServer|Any CPU
		{18349425-0A3A-4D5D-BF11-38DF09818332}.DebugServer|Mixed Platforms.ActiveCfg = DebugServer|Any CPU
		{18349425-0A3A-4D5D-BF11-38DF09818332}.DebugServer|Mixed Platforms.Build.0 = DebugServer|Any CPU
		{18349425-0A3A-4D5D-BF11-38DF09818332}.DebugServer|x86.ActiveCfg = DebugServer|Any CPU
		{18349425-0A3A-4D5D-BF11-38DF09818332}.Release|Any CPU.ActiveCfg = Release|Any CPU
		{18349425-0A3A-4D5D-BF11-38DF09818332}.Release|Any CPU.Build.0 = Release|Any CPU
		{18349425-0A3A-4D5D-BF11-38DF09818332}.Release|Mixed Platforms.ActiveCfg = Release|Any CPU
		{18349425-0A3A-4D5D-BF11-38DF09818332}.Release|Mixed Platforms.Build.0 = Release|Any CPU
		{18349425-0A3A-4D5D-BF11-38DF09818332}.Release|x86.ActiveCfg = Release|Any CPU
		{18349425-0A3A-4D5D-BF11-38DF09818332}.ReleaseServer|Any CPU.ActiveCfg = ReleaseServer|Any CPU
		{18349425-0A3A-4D5D-BF11-38DF09818332}.ReleaseServer|Any CPU.Build.0 = ReleaseServer|Any CPU
		{18349425-0A3A-4D5D-BF11-38DF09818332}.ReleaseServer|Mixed Platforms.ActiveCfg = ReleaseServer|Any CPU
		{18349425-0A3A-4D5D-BF11-38DF09818332}.ReleaseServer|Mixed Platforms.Build.0 = ReleaseServer|Any CPU
		{18349425-0A3A-4D5D-BF11-38DF09818332}.ReleaseServer|x86.ActiveCfg = ReleaseServer|Any CPU
		{CF4C6FC7-078E-40BA-8939-011C079E5F8C}.Debug|Any CPU.ActiveCfg = Debug|Any CPU
		{CF4C6FC7-078E-40BA-8939-011C079E5F8C}.Debug|Any CPU.Build.0 = Debug|Any CPU
		{CF4C6FC7-078E-40BA-8939-011C079E5F8C}.Debug|Mixed Platforms.ActiveCfg = Debug|Any CPU
		{CF4C6FC7-078E-40BA-8939-011C079E5F8C}.Debug|Mixed Platforms.Build.0 = Debug|Any CPU
		{CF4C6FC7-078E-40BA-8939-011C079E5F8C}.Debug|x86.ActiveCfg = Debug|Any CPU
		{CF4C6FC7-078E-40BA-8939-011C079E5F8C}.DebugServer|Any CPU.ActiveCfg = DebugServer|Any CPU
		{CF4C6FC7-078E-40BA-8939-011C079E5F8C}.DebugServer|Any CPU.Build.0 = DebugServer|Any CPU
		{CF4C6FC7-078E-40BA-8939-011C079E5F8C}.DebugServer|Mixed Platforms.ActiveCfg = DebugServer|Any CPU
		{CF4C6FC7-078E-40BA-8939-011C079E5F8C}.DebugServer|Mixed Platforms.Build.0 = DebugServer|Any CPU
		{CF4C6FC7-078E-40BA-8939-011C079E5F8C}.DebugServer|x86.ActiveCfg = DebugServer|Any CPU
		{CF4C6FC7-078E-40BA-8939-011C079E5F8C}.Release|Any CPU.ActiveCfg = Release|Any CPU
		{CF4C6FC7-078E-40BA-8939-011C079E5F8C}.Release|Any CPU.Build.0 = Release|Any CPU
		{CF4C6FC7-078E-40BA-8939-011C079E5F8C}.Release|Mixed Platforms.ActiveCfg = Release|Any CPU
		{CF4C6FC7-078E-40BA-8939-011C079E5F8C}.Release|Mixed Platforms.Build.0 = Release|Any CPU
		{CF4C6FC7-078E-40BA-8939-011C079E5F8C}.Release|x86.ActiveCfg = Release|Any CPU
		{CF4C6FC7-078E-40BA-8939-011C079E5F8C}.ReleaseServer|Any CPU.ActiveCfg = ReleaseServer|Any CPU
		{CF4C6FC7-078E-40BA-8939-011C079E5F8C}.ReleaseServer|Any CPU.Build.0 = ReleaseServer|Any CPU
		{CF4C6FC7-078E-40BA-8939-011C079E5F8C}.ReleaseServer|Mixed Platforms.ActiveCfg = ReleaseServer|Any CPU
		{CF4C6FC7-078E-40BA-8939-011C079E5F8C}.ReleaseServer|Mixed Platforms.Build.0 = ReleaseServer|Any CPU
		{CF4C6FC7-078E-40BA-8939-011C079E5F8C}.ReleaseServer|x86.ActiveCfg = ReleaseServer|Any CPU
		{7B080F28-5162-4628-9D9E-E0CD1650516F}.Debug|Any CPU.ActiveCfg = Debug|Any CPU
		{7B080F28-5162-4628-9D9E-E0CD1650516F}.Debug|Any CPU.Build.0 = Debug|Any CPU
		{7B080F28-5162-4628-9D9E-E0CD1650516F}.Debug|Mixed Platforms.ActiveCfg = Debug|Any CPU
		{7B080F28-5162-4628-9D9E-E0CD1650516F}.Debug|Mixed Platforms.Build.0 = Debug|Any CPU
		{7B080F28-5162-4628-9D9E-E0CD1650516F}.Debug|x86.ActiveCfg = Debug|Any CPU
		{7B080F28-5162-4628-9D9E-E0CD1650516F}.DebugServer|Any CPU.ActiveCfg = DebugServer|Any CPU
		{7B080F28-5162-4628-9D9E-E0CD1650516F}.DebugServer|Any CPU.Build.0 = DebugServer|Any CPU
		{7B080F28-5162-4628-9D9E-E0CD1650516F}.DebugServer|Mixed Platforms.ActiveCfg = DebugServer|Any CPU
		{7B080F28-5162-4628-9D9E-E0CD1650516F}.DebugServer|Mixed Platforms.Build.0 = DebugServer|Any CPU
		{7B080F28-5162-4628-9D9E-E0CD1650516F}.DebugServer|x86.ActiveCfg = DebugServer|Any CPU
		{7B080F28-5162-4628-9D9E-E0CD1650516F}.Release|Any CPU.ActiveCfg = Release|Any CPU
		{7B080F28-5162-4628-9D9E-E0CD1650516F}.Release|Any CPU.Build.0 = Release|Any CPU
		{7B080F28-5162-4628-9D9E-E0CD1650516F}.Release|Mixed Platforms.ActiveCfg = Release|Any CPU
		{7B080F28-5162-4628-9D9E-E0CD1650516F}.Release|Mixed Platforms.Build.0 = Release|Any CPU
		{7B080F28-5162-4628-9D9E-E0CD1650516F}.Release|x86.ActiveCfg = Release|Any CPU
		{7B080F28-5162-4628-9D9E-E0CD1650516F}.ReleaseServer|Any CPU.ActiveCfg = ReleaseServer|Any CPU
		{7B080F28-5162-4628-9D9E-E0CD1650516F}.ReleaseServer|Any CPU.Build.0 = ReleaseServer|Any CPU
		{7B080F28-5162-4628-9D9E-E0CD1650516F}.ReleaseServer|Mixed Platforms.ActiveCfg = ReleaseServer|Any CPU
		{7B080F28-5162-4628-9D9E-E0CD1650516F}.ReleaseServer|Mixed Platforms.Build.0 = ReleaseServer|Any CPU
		{7B080F28-5162-4628-9D9E-E0CD1650516F}.ReleaseServer|x86.ActiveCfg = ReleaseServer|Any CPU
		{AB0D33F2-8A78-4D20-9BB3-C231392093F0}.Debug|Any CPU.ActiveCfg = Debug|Any CPU
		{AB0D33F2-8A78-4D20-9BB3-C231392093F0}.Debug|Any CPU.Build.0 = Debug|Any CPU
		{AB0D33F2-8A78-4D20-9BB3-C231392093F0}.Debug|Mixed Platforms.ActiveCfg = Debug|Any CPU
		{AB0D33F2-8A78-4D20-9BB3-C231392093F0}.Debug|Mixed Platforms.Build.0 = Debug|Any CPU
		{AB0D33F2-8A78-4D20-9BB3-C231392093F0}.Debug|x86.ActiveCfg = Debug|Any CPU
		{AB0D33F2-8A78-4D20-9BB3-C231392093F0}.DebugServer|Any CPU.ActiveCfg = DebugServer|Any CPU
		{AB0D33F2-8A78-4D20-9BB3-C231392093F0}.DebugServer|Any CPU.Build.0 = DebugServer|Any CPU
		{AB0D33F2-8A78-4D20-9BB3-C231392093F0}.DebugServer|Mixed Platforms.ActiveCfg = DebugServer|Any CPU
		{AB0D33F2-8A78-4D20-9BB3-C231392093F0}.DebugServer|Mixed Platforms.Build.0 = DebugServer|Any CPU
		{AB0D33F2-8A78-4D20-9BB3-C231392093F0}.DebugServer|x86.ActiveCfg = DebugServer|Any CPU
		{AB0D33F2-8A78-4D20-9BB3-C231392093F0}.Release|Any CPU.ActiveCfg = Release|Any CPU
		{AB0D33F2-8A78-4D20-9BB3-C231392093F0}.Release|Any CPU.Build.0 = Release|Any CPU
		{AB0D33F2-8A78-4D20-9BB3-C231392093F0}.Release|Mixed Platforms.ActiveCfg = Release|Any CPU
		{AB0D33F2-8A78-4D20-9BB3-C231392093F0}.Release|Mixed Platforms.Build.0 = Release|Any CPU
		{AB0D33F2-8A78-4D20-9BB3-C231392093F0}.Release|x86.ActiveCfg = Release|Any CPU
		{AB0D33F2-8A78-4D20-9BB3-C231392093F0}.ReleaseServer|Any CPU.ActiveCfg = ReleaseServer|Any CPU
		{AB0D33F2-8A78-4D20-9BB3-C231392093F0}.ReleaseServer|Any CPU.Build.0 = ReleaseServer|Any CPU
		{AB0D33F2-8A78-4D20-9BB3-C231392093F0}.ReleaseServer|Mixed Platforms.ActiveCfg = ReleaseServer|Any CPU
		{AB0D33F2-8A78-4D20-9BB3-C231392093F0}.ReleaseServer|Mixed Platforms.Build.0 = ReleaseServer|Any CPU
		{AB0D33F2-8A78-4D20-9BB3-C231392093F0}.ReleaseServer|x86.ActiveCfg = ReleaseServer|Any CPU
		{C37B846D-6B4E-4819-8C2F-A39DBEB3FCC7}.Debug|Any CPU.ActiveCfg = Debug|Any CPU
		{C37B846D-6B4E-4819-8C2F-A39DBEB3FCC7}.Debug|Any CPU.Build.0 = Debug|Any CPU
		{C37B846D-6B4E-4819-8C2F-A39DBEB3FCC7}.Debug|Mixed Platforms.ActiveCfg = Debug|Any CPU
		{C37B846D-6B4E-4819-8C2F-A39DBEB3FCC7}.Debug|x86.ActiveCfg = Debug|Any CPU
		{C37B846D-6B4E-4819-8C2F-A39DBEB3FCC7}.DebugServer|Any CPU.ActiveCfg = Debug|Any CPU
		{C37B846D-6B4E-4819-8C2F-A39DBEB3FCC7}.DebugServer|Any CPU.Build.0 = Debug|Any CPU
		{C37B846D-6B4E-4819-8C2F-A39DBEB3FCC7}.DebugServer|Mixed Platforms.ActiveCfg = Debug|Any CPU
		{C37B846D-6B4E-4819-8C2F-A39DBEB3FCC7}.DebugServer|Mixed Platforms.Build.0 = Debug|Any CPU
		{C37B846D-6B4E-4819-8C2F-A39DBEB3FCC7}.DebugServer|x86.ActiveCfg = Debug|Any CPU
		{C37B846D-6B4E-4819-8C2F-A39DBEB3FCC7}.Release|Any CPU.ActiveCfg = Release|Any CPU
		{C37B846D-6B4E-4819-8C2F-A39DBEB3FCC7}.Release|Any CPU.Build.0 = Release|Any CPU
		{C37B846D-6B4E-4819-8C2F-A39DBEB3FCC7}.Release|Mixed Platforms.ActiveCfg = Release|Any CPU
		{C37B846D-6B4E-4819-8C2F-A39DBEB3FCC7}.Release|x86.ActiveCfg = Release|Any CPU
		{C37B846D-6B4E-4819-8C2F-A39DBEB3FCC7}.ReleaseServer|Any CPU.ActiveCfg = ReleaseServer|Any CPU
		{C37B846D-6B4E-4819-8C2F-A39DBEB3FCC7}.ReleaseServer|Any CPU.Build.0 = ReleaseServer|Any CPU
		{C37B846D-6B4E-4819-8C2F-A39DBEB3FCC7}.ReleaseServer|Mixed Platforms.ActiveCfg = ReleaseServer|Any CPU
		{C37B846D-6B4E-4819-8C2F-A39DBEB3FCC7}.ReleaseServer|Mixed Platforms.Build.0 = ReleaseServer|Any CPU
		{C37B846D-6B4E-4819-8C2F-A39DBEB3FCC7}.ReleaseServer|x86.ActiveCfg = ReleaseServer|Any CPU
		{1A70473B-D3E9-48FE-B7B3-953E6112B993}.Debug|Any CPU.ActiveCfg = Debug|Any CPU
		{1A70473B-D3E9-48FE-B7B3-953E6112B993}.Debug|Any CPU.Build.0 = Debug|Any CPU
		{1A70473B-D3E9-48FE-B7B3-953E6112B993}.Debug|Mixed Platforms.ActiveCfg = Debug|Any CPU
		{1A70473B-D3E9-48FE-B7B3-953E6112B993}.Debug|Mixed Platforms.Build.0 = Debug|Any CPU
		{1A70473B-D3E9-48FE-B7B3-953E6112B993}.Debug|x86.ActiveCfg = Debug|Any CPU
		{1A70473B-D3E9-48FE-B7B3-953E6112B993}.DebugServer|Any CPU.ActiveCfg = DebugServer|Any CPU
		{1A70473B-D3E9-48FE-B7B3-953E6112B993}.DebugServer|Any CPU.Build.0 = DebugServer|Any CPU
		{1A70473B-D3E9-48FE-B7B3-953E6112B993}.DebugServer|Mixed Platforms.ActiveCfg = DebugServer|Any CPU
		{1A70473B-D3E9-48FE-B7B3-953E6112B993}.DebugServer|Mixed Platforms.Build.0 = DebugServer|Any CPU
		{1A70473B-D3E9-48FE-B7B3-953E6112B993}.DebugServer|x86.ActiveCfg = DebugServer|Any CPU
		{1A70473B-D3E9-48FE-B7B3-953E6112B993}.Release|Any CPU.ActiveCfg = Release|Any CPU
		{1A70473B-D3E9-48FE-B7B3-953E6112B993}.Release|Any CPU.Build.0 = Release|Any CPU
		{1A70473B-D3E9-48FE-B7B3-953E6112B993}.Release|Mixed Platforms.ActiveCfg = Release|Any CPU
		{1A70473B-D3E9-48FE-B7B3-953E6112B993}.Release|Mixed Platforms.Build.0 = Release|Any CPU
		{1A70473B-D3E9-48FE-B7B3-953E6112B993}.Release|x86.ActiveCfg = Release|Any CPU
		{1A70473B-D3E9-48FE-B7B3-953E6112B993}.ReleaseServer|Any CPU.ActiveCfg = ReleaseServer|Any CPU
		{1A70473B-D3E9-48FE-B7B3-953E6112B993}.ReleaseServer|Any CPU.Build.0 = ReleaseServer|Any CPU
		{1A70473B-D3E9-48FE-B7B3-953E6112B993}.ReleaseServer|Mixed Platforms.ActiveCfg = ReleaseServer|Any CPU
		{1A70473B-D3E9-48FE-B7B3-953E6112B993}.ReleaseServer|Mixed Platforms.Build.0 = ReleaseServer|Any CPU
		{1A70473B-D3E9-48FE-B7B3-953E6112B993}.ReleaseServer|x86.ActiveCfg = ReleaseServer|Any CPU
		{69D8CFAE-B25E-4DBA-B9CA-8A699DA1DBE2}.Debug|Any CPU.ActiveCfg = Debug|Any CPU
		{69D8CFAE-B25E-4DBA-B9CA-8A699DA1DBE2}.Debug|Any CPU.Build.0 = Debug|Any CPU
		{69D8CFAE-B25E-4DBA-B9CA-8A699DA1DBE2}.Debug|Mixed Platforms.ActiveCfg = Debug|Any CPU
		{69D8CFAE-B25E-4DBA-B9CA-8A699DA1DBE2}.Debug|Mixed Platforms.Build.0 = Debug|Any CPU
		{69D8CFAE-B25E-4DBA-B9CA-8A699DA1DBE2}.Debug|x86.ActiveCfg = Debug|Any CPU
		{69D8CFAE-B25E-4DBA-B9CA-8A699DA1DBE2}.DebugServer|Any CPU.ActiveCfg = Debug|Any CPU
		{69D8CFAE-B25E-4DBA-B9CA-8A699DA1DBE2}.DebugServer|Any CPU.Build.0 = Debug|Any CPU
		{69D8CFAE-B25E-4DBA-B9CA-8A699DA1DBE2}.DebugServer|Mixed Platforms.ActiveCfg = Debug|Any CPU
		{69D8CFAE-B25E-4DBA-B9CA-8A699DA1DBE2}.DebugServer|Mixed Platforms.Build.0 = Debug|Any CPU
		{69D8CFAE-B25E-4DBA-B9CA-8A699DA1DBE2}.DebugServer|x86.ActiveCfg = Debug|Any CPU
		{69D8CFAE-B25E-4DBA-B9CA-8A699DA1DBE2}.Release|Any CPU.ActiveCfg = Release|Any CPU
		{69D8CFAE-B25E-4DBA-B9CA-8A699DA1DBE2}.Release|Any CPU.Build.0 = Release|Any CPU
		{69D8CFAE-B25E-4DBA-B9CA-8A699DA1DBE2}.Release|Mixed Platforms.ActiveCfg = Release|Any CPU
		{69D8CFAE-B25E-4DBA-B9CA-8A699DA1DBE2}.Release|Mixed Platforms.Build.0 = Release|Any CPU
		{69D8CFAE-B25E-4DBA-B9CA-8A699DA1DBE2}.Release|x86.ActiveCfg = Release|Any CPU
		{69D8CFAE-B25E-4DBA-B9CA-8A699DA1DBE2}.ReleaseServer|Any CPU.ActiveCfg = ReleaseServer|Any CPU
		{69D8CFAE-B25E-4DBA-B9CA-8A699DA1DBE2}.ReleaseServer|Any CPU.Build.0 = ReleaseServer|Any CPU
		{69D8CFAE-B25E-4DBA-B9CA-8A699DA1DBE2}.ReleaseServer|Mixed Platforms.ActiveCfg = ReleaseServer|Any CPU
		{69D8CFAE-B25E-4DBA-B9CA-8A699DA1DBE2}.ReleaseServer|Mixed Platforms.Build.0 = ReleaseServer|Any CPU
		{69D8CFAE-B25E-4DBA-B9CA-8A699DA1DBE2}.ReleaseServer|x86.ActiveCfg = ReleaseServer|Any CPU
		{9A249AF8-A605-402D-8962-51280F9340BE}.Debug|Any CPU.ActiveCfg = Debug|Any CPU
		{9A249AF8-A605-402D-8962-51280F9340BE}.Debug|Any CPU.Build.0 = Debug|Any CPU
		{9A249AF8-A605-402D-8962-51280F9340BE}.Debug|Mixed Platforms.ActiveCfg = Debug|Any CPU
		{9A249AF8-A605-402D-8962-51280F9340BE}.Debug|Mixed Platforms.Build.0 = Debug|Any CPU
		{9A249AF8-A605-402D-8962-51280F9340BE}.Debug|x86.ActiveCfg = Debug|Any CPU
		{9A249AF8-A605-402D-8962-51280F9340BE}.DebugServer|Any CPU.ActiveCfg = Debug|Any CPU
		{9A249AF8-A605-402D-8962-51280F9340BE}.DebugServer|Any CPU.Build.0 = Debug|Any CPU
		{9A249AF8-A605-402D-8962-51280F9340BE}.DebugServer|Mixed Platforms.ActiveCfg = Debug|Any CPU
		{9A249AF8-A605-402D-8962-51280F9340BE}.DebugServer|Mixed Platforms.Build.0 = Debug|Any CPU
		{9A249AF8-A605-402D-8962-51280F9340BE}.DebugServer|x86.ActiveCfg = Debug|Any CPU
		{9A249AF8-A605-402D-8962-51280F9340BE}.Release|Any CPU.ActiveCfg = Release|Any CPU
		{9A249AF8-A605-402D-8962-51280F9340BE}.Release|Any CPU.Build.0 = Release|Any CPU
		{9A249AF8-A605-402D-8962-51280F9340BE}.Release|Mixed Platforms.ActiveCfg = Release|Any CPU
		{9A249AF8-A605-402D-8962-51280F9340BE}.Release|x86.ActiveCfg = Release|Any CPU
		{9A249AF8-A605-402D-8962-51280F9340BE}.ReleaseServer|Any CPU.ActiveCfg = ReleaseServer|Any CPU
		{9A249AF8-A605-402D-8962-51280F9340BE}.ReleaseServer|Any CPU.Build.0 = ReleaseServer|Any CPU
		{9A249AF8-A605-402D-8962-51280F9340BE}.ReleaseServer|Mixed Platforms.ActiveCfg = ReleaseServer|Any CPU
		{9A249AF8-A605-402D-8962-51280F9340BE}.ReleaseServer|Mixed Platforms.Build.0 = ReleaseServer|Any CPU
		{9A249AF8-A605-402D-8962-51280F9340BE}.ReleaseServer|x86.ActiveCfg = ReleaseServer|Any CPU
		{BE066E72-276F-45AC-A755-FD6911F0F1A5}.Debug|Any CPU.ActiveCfg = Debug|Any CPU
		{BE066E72-276F-45AC-A755-FD6911F0F1A5}.Debug|Any CPU.Build.0 = Debug|Any CPU
		{BE066E72-276F-45AC-A755-FD6911F0F1A5}.Debug|Mixed Platforms.ActiveCfg = Debug|Any CPU
		{BE066E72-276F-45AC-A755-FD6911F0F1A5}.Debug|Mixed Platforms.Build.0 = Debug|Any CPU
		{BE066E72-276F-45AC-A755-FD6911F0F1A5}.Debug|x86.ActiveCfg = Debug|Any CPU
		{BE066E72-276F-45AC-A755-FD6911F0F1A5}.DebugServer|Any CPU.ActiveCfg = Debug|Any CPU
		{BE066E72-276F-45AC-A755-FD6911F0F1A5}.DebugServer|Any CPU.Build.0 = Debug|Any CPU
		{BE066E72-276F-45AC-A755-FD6911F0F1A5}.DebugServer|Mixed Platforms.ActiveCfg = Debug|Any CPU
		{BE066E72-276F-45AC-A755-FD6911F0F1A5}.DebugServer|Mixed Platforms.Build.0 = Debug|Any CPU
		{BE066E72-276F-45AC-A755-FD6911F0F1A5}.DebugServer|x86.ActiveCfg = Debug|Any CPU
		{BE066E72-276F-45AC-A755-FD6911F0F1A5}.Release|Any CPU.ActiveCfg = Release|Any CPU
		{BE066E72-276F-45AC-A755-FD6911F0F1A5}.Release|Any CPU.Build.0 = Release|Any CPU
		{BE066E72-276F-45AC-A755-FD6911F0F1A5}.Release|Mixed Platforms.ActiveCfg = Release|Any CPU
		{BE066E72-276F-45AC-A755-FD6911F0F1A5}.Release|Mixed Platforms.Build.0 = Release|Any CPU
		{BE066E72-276F-45AC-A755-FD6911F0F1A5}.Release|x86.ActiveCfg = Release|Any CPU
		{BE066E72-276F-45AC-A755-FD6911F0F1A5}.ReleaseServer|Any CPU.ActiveCfg = Release|Any CPU
		{BE066E72-276F-45AC-A755-FD6911F0F1A5}.ReleaseServer|Any CPU.Build.0 = Release|Any CPU
		{BE066E72-276F-45AC-A755-FD6911F0F1A5}.ReleaseServer|Mixed Platforms.ActiveCfg = Release|Any CPU
		{BE066E72-276F-45AC-A755-FD6911F0F1A5}.ReleaseServer|Mixed Platforms.Build.0 = Release|Any CPU
		{BE066E72-276F-45AC-A755-FD6911F0F1A5}.ReleaseServer|x86.ActiveCfg = Release|Any CPU
	EndGlobalSection
	GlobalSection(SolutionProperties) = preSolution
		HideSolutionNode = FALSE
	EndGlobalSection
	GlobalSection(NestedProjects) = preSolution
		{18349425-0A3A-4D5D-BF11-38DF09818332} = {F96AC17B-D909-43C9-80AD-8267BDFFEB0E}
		{CF4C6FC7-078E-40BA-8939-011C079E5F8C} = {F96AC17B-D909-43C9-80AD-8267BDFFEB0E}
		{7B080F28-5162-4628-9D9E-E0CD1650516F} = {F96AC17B-D909-43C9-80AD-8267BDFFEB0E}
		{E51EDBDC-B8D0-4D5B-B7F1-62BC0B44D170} = {F96AC17B-D909-43C9-80AD-8267BDFFEB0E}
		{AB0D33F2-8A78-4D20-9BB3-C231392093F0} = {F96AC17B-D909-43C9-80AD-8267BDFFEB0E}
		{C37B846D-6B4E-4819-8C2F-A39DBEB3FCC7} = {F96AC17B-D909-43C9-80AD-8267BDFFEB0E}
		{69D8CFAE-B25E-4DBA-B9CA-8A699DA1DBE2} = {F96AC17B-D909-43C9-80AD-8267BDFFEB0E}
		{9A249AF8-A605-402D-8962-51280F9340BE} = {F96AC17B-D909-43C9-80AD-8267BDFFEB0E}
	EndGlobalSection
EndGlobal
